
Microsoft Visual Studio Solution File, Format Version 12.00
# Visual Studio Version 17
VisualStudioVersion = 17.14.36414.22 d17.14
MinimumVisualStudioVersion = 10.0.40219.1
Project("{FAE04EC0-301F-11D3-BF4B-00C04F79EFBC}") = "ConsoleApp1", "ConsoleApp1\ConsoleApp1.csproj", "{C822ECB8-E7E1-492B-A4F8-C571CB63D213}"
EndProject
Global
	GlobalSection(SolutionConfigurationPlatforms) = preSolution
		Debug|Any CPU = Debug|Any CPU
		Release|Any CPU = Release|Any CPU
	EndGlobalSection
	GlobalSection(ProjectConfigurationPlatforms) = postSolution
		{C822ECB8-E7E1-492B-A4F8-C571CB63D213}.Debug|Any CPU.ActiveCfg = Debug|Any CPU
		{C822ECB8-E7E1-492B-A4F8-C571CB63D213}.Debug|Any CPU.Build.0 = Debug|Any CPU
		{C822ECB8-E7E1-492B-A4F8-C571CB63D213}.Release|Any CPU.ActiveCfg = Release|Any CPU
		{C822ECB8-E7E1-492B-A4F8-C571CB63D213}.Release|Any CPU.Build.0 = Release|Any CPU
	EndGlobalSection
	GlobalSection(SolutionProperties) = preSolution
		HideSolutionNode = FALSE
	EndGlobalSection
	GlobalSection(ExtensibilityGlobals) = postSolution
		SolutionGuid = {CEEBF415-8FCF-4BD9-8A60-A0BB80EC7A7B}
	EndGlobalSection
EndGlobal
