
Microsoft Visual Studio Solution File, Format Version 12.00
# Visual Studio Version 17
VisualStudioVersion = 17.14.36414.22 d17.14
MinimumVisualStudioVersion = 10.0.40219.1
Project("{FAE04EC0-301F-11D3-BF4B-00C04F79EFBC}") = "calculator", "calculator\calculator.csproj", "{F4D0D9B8-707D-4B31-B02E-C63343593DBA}"
EndProject
Global
	GlobalSection(SolutionConfigurationPlatforms) = preSolution
		Debug|Any CPU = Debug|Any CPU
		Release|Any CPU = Release|Any CPU
	EndGlobalSection
	GlobalSection(ProjectConfigurationPlatforms) = postSolution
		{F4D0D9B8-707D-4B31-B02E-C63343593DBA}.Debug|Any CPU.ActiveCfg = Debug|Any CPU
		{F4D0D9B8-707D-4B31-B02E-C63343593DBA}.Debug|Any CPU.Build.0 = Debug|Any CPU
		{F4D0D9B8-707D-4B31-B02E-C63343593DBA}.Release|Any CPU.ActiveCfg = Release|Any CPU
		{F4D0D9B8-707D-4B31-B02E-C63343593DBA}.Release|Any CPU.Build.0 = Release|Any CPU
	EndGlobalSection
	GlobalSection(SolutionProperties) = preSolution
		HideSolutionNode = FALSE
	EndGlobalSection
	GlobalSection(ExtensibilityGlobals) = postSolution
		SolutionGuid = {86D58CF9-BD8B-4D58-9778-89BC3D90CBE2}
	EndGlobalSection
EndGlobal
